// !$*UTF8*$!
{
	archiveVersion = 1;
	classes = {
	};
	objectVersion = 46;
	objects = {

/* Begin PBXBuildFile section */
		5C1F564F1CC5B6510005D5AA /* Polinomio.swift in Sources */ = {isa = PBXBuildFile; fileRef = 5C1F564E1CC5B6510005D5AA /* Polinomio.swift */; };
		5C1F56511CC5B91B0005D5AA /* Graficar.swift in Sources */ = {isa = PBXBuildFile; fileRef = 5C1F56501CC5B91B0005D5AA /* Graficar.swift */; };
		5C3C81901C912F1D006A214E /* AppDelegate.swift in Sources */ = {isa = PBXBuildFile; fileRef = 5C3C818F1C912F1D006A214E /* AppDelegate.swift */; };
		5C3C81921C912F1D006A214E /* ViewController.swift in Sources */ = {isa = PBXBuildFile; fileRef = 5C3C81911C912F1D006A214E /* ViewController.swift */; };
		5C3C81951C912F1D006A214E /* Main.storyboard in Resources */ = {isa = PBXBuildFile; fileRef = 5C3C81931C912F1D006A214E /* Main.storyboard */; };
		5C3C81971C912F1D006A214E /* Assets.xcassets in Resources */ = {isa = PBXBuildFile; fileRef = 5C3C81961C912F1D006A214E /* Assets.xcassets */; };
		5C3C819A1C912F1D006A214E /* LaunchScreen.storyboard in Resources */ = {isa = PBXBuildFile; fileRef = 5C3C81981C912F1D006A214E /* LaunchScreen.storyboard */; };
		5CCE1DE41CD96D69005D9BFF /* Plano Cartesiano.swift in Sources */ = {isa = PBXBuildFile; fileRef = 5CCE1DE31CD96D69005D9BFF /* Plano Cartesiano.swift */; };
		5CCE1DE61CD979D2005D9BFF /* ExamenTeorico.swift in Sources */ = {isa = PBXBuildFile; fileRef = 5CCE1DE51CD979D2005D9BFF /* ExamenTeorico.swift */; };
		FB409CB11CDA68A8005D1B23 /* Settings.bundle in Resources */ = {isa = PBXBuildFile; fileRef = FB409CB01CDA68A8005D1B23 /* Settings.bundle */; };
		FB409CB31CDA6D6D005D1B23 /* SettingsViewController.swift in Sources */ = {isa = PBXBuildFile; fileRef = FB409CB21CDA6D6D005D1B23 /* SettingsViewController.swift */; };
		FB9F8DC61CC55599006FA130 /* Property List.plist in Resources */ = {isa = PBXBuildFile; fileRef = FB9F8DC51CC55599006FA130 /* Property List.plist */; };
		FB9F8DC81CC555D6006FA130 /* DefinirEcuacionViewController.swift in Sources */ = {isa = PBXBuildFile; fileRef = FB9F8DC71CC555D6006FA130 /* DefinirEcuacionViewController.swift */; };
/* End PBXBuildFile section */

/* Begin PBXFileReference section */
		5C1F564E1CC5B6510005D5AA /* Polinomio.swift */ = {isa = PBXFileReference; fileEncoding = 4; lastKnownFileType = sourcecode.swift; path = Polinomio.swift; sourceTree = "<group>"; };
		5C1F56501CC5B91B0005D5AA /* Graficar.swift */ = {isa = PBXFileReference; fileEncoding = 4; lastKnownFileType = sourcecode.swift; path = Graficar.swift; sourceTree = "<group>"; };
		5C3C818C1C912F1D006A214E /* Graph Insight.app */ = {isa = PBXFileReference; explicitFileType = wrapper.application; includeInIndex = 0; path = "Graph Insight.app"; sourceTree = BUILT_PRODUCTS_DIR; };
		5C3C818F1C912F1D006A214E /* AppDelegate.swift */ = {isa = PBXFileReference; lastKnownFileType = sourcecode.swift; path = AppDelegate.swift; sourceTree = "<group>"; };
		5C3C81911C912F1D006A214E /* ViewController.swift */ = {isa = PBXFileReference; lastKnownFileType = sourcecode.swift; path = ViewController.swift; sourceTree = "<group>"; };
		5C3C81941C912F1D006A214E /* Base */ = {isa = PBXFileReference; lastKnownFileType = file.storyboard; name = Base; path = Base.lproj/Main.storyboard; sourceTree = "<group>"; };
		5C3C81961C912F1D006A214E /* Assets.xcassets */ = {isa = PBXFileReference; lastKnownFileType = folder.assetcatalog; path = Assets.xcassets; sourceTree = "<group>"; };
		5C3C81991C912F1D006A214E /* Base */ = {isa = PBXFileReference; lastKnownFileType = file.storyboard; name = Base; path = Base.lproj/LaunchScreen.storyboard; sourceTree = "<group>"; };
		5C3C819B1C912F1D006A214E /* Info.plist */ = {isa = PBXFileReference; lastKnownFileType = text.plist.xml; path = Info.plist; sourceTree = "<group>"; };
		5CCE1DE31CD96D69005D9BFF /* Plano Cartesiano.swift */ = {isa = PBXFileReference; fileEncoding = 4; lastKnownFileType = sourcecode.swift; path = "Plano Cartesiano.swift"; sourceTree = "<group>"; };
		5CCE1DE51CD979D2005D9BFF /* ExamenTeorico.swift */ = {isa = PBXFileReference; fileEncoding = 4; lastKnownFileType = sourcecode.swift; path = ExamenTeorico.swift; sourceTree = "<group>"; };
		FB409CB01CDA68A8005D1B23 /* Settings.bundle */ = {isa = PBXFileReference; lastKnownFileType = "wrapper.plug-in"; path = Settings.bundle; sourceTree = "<group>"; };
		FB409CB21CDA6D6D005D1B23 /* SettingsViewController.swift */ = {isa = PBXFileReference; fileEncoding = 4; lastKnownFileType = sourcecode.swift; path = SettingsViewController.swift; sourceTree = "<group>"; };
		FB9F8DC51CC55599006FA130 /* Property List.plist */ = {isa = PBXFileReference; fileEncoding = 4; lastKnownFileType = text.plist.xml; path = "Property List.plist"; sourceTree = "<group>"; };
		FB9F8DC71CC555D6006FA130 /* DefinirEcuacionViewController.swift */ = {isa = PBXFileReference; fileEncoding = 4; lastKnownFileType = sourcecode.swift; path = DefinirEcuacionViewController.swift; sourceTree = "<group>"; };
/* End PBXFileReference section */

/* Begin PBXFrameworksBuildPhase section */
		5C3C81891C912F1D006A214E /* Frameworks */ = {
			isa = PBXFrameworksBuildPhase;
			buildActionMask = 2147483647;
			files = (
			);
			runOnlyForDeploymentPostprocessing = 0;
		};
/* End PBXFrameworksBuildPhase section */

/* Begin PBXGroup section */
		5C3C81831C912F1D006A214E = {
			isa = PBXGroup;
			children = (
				5C3C818E1C912F1D006A214E /* Graph Insight */,
				5C3C818D1C912F1D006A214E /* Products */,
			);
			sourceTree = "<group>";
		};
		5C3C818D1C912F1D006A214E /* Products */ = {
			isa = PBXGroup;
			children = (
				5C3C818C1C912F1D006A214E /* Graph Insight.app */,
			);
			name = Products;
			sourceTree = "<group>";
		};
		5C3C818E1C912F1D006A214E /* Graph Insight */ = {
			isa = PBXGroup;
			children = (
				5C3C818F1C912F1D006A214E /* AppDelegate.swift */,
				5C3C81911C912F1D006A214E /* ViewController.swift */,
				5C3C81931C912F1D006A214E /* Main.storyboard */,
				FB409CB21CDA6D6D005D1B23 /* SettingsViewController.swift */,
				FB409CB01CDA68A8005D1B23 /* Settings.bundle */,
				5CCE1DE51CD979D2005D9BFF /* ExamenTeorico.swift */,
				5CCE1DE31CD96D69005D9BFF /* Plano Cartesiano.swift */,
				5C1F56501CC5B91B0005D5AA /* Graficar.swift */,
				5C1F564E1CC5B6510005D5AA /* Polinomio.swift */,
				FB9F8DC71CC555D6006FA130 /* DefinirEcuacionViewController.swift */,
				FB9F8DC51CC55599006FA130 /* Property List.plist */,
				5C3C81961C912F1D006A214E /* Assets.xcassets */,
				5C3C81981C912F1D006A214E /* LaunchScreen.storyboard */,
				5C3C819B1C912F1D006A214E /* Info.plist */,
			);
			name = "Graph Insight";
			path = "prueba pantallas";
			sourceTree = "<group>";
		};
/* End PBXGroup section */

/* Begin PBXNativeTarget section */
		5C3C818B1C912F1D006A214E /* Graph Insight */ = {
			isa = PBXNativeTarget;
			buildConfigurationList = 5C3C819E1C912F1D006A214E /* Build configuration list for PBXNativeTarget "Graph Insight" */;
			buildPhases = (
				5C3C81881C912F1D006A214E /* Sources */,
				5C3C81891C912F1D006A214E /* Frameworks */,
				5C3C818A1C912F1D006A214E /* Resources */,
			);
			buildRules = (
			);
			dependencies = (
			);
			name = "Graph Insight";
			productName = "prueba pantallas";
			productReference = 5C3C818C1C912F1D006A214E /* Graph Insight.app */;
			productType = "com.apple.product-type.application";
		};
/* End PBXNativeTarget section */

/* Begin PBXProject section */
		5C3C81841C912F1D006A214E /* Project object */ = {
			isa = PBXProject;
			attributes = {
				LastSwiftUpdateCheck = 0720;
				LastUpgradeCheck = 0720;
				ORGANIZATIONNAME = JoseFernandoDavila;
				TargetAttributes = {
					5C3C818B1C912F1D006A214E = {
						CreatedOnToolsVersion = 7.2.1;
						DevelopmentTeam = Q66N5R77UD;
					};
				};
			};
			buildConfigurationList = 5C3C81871C912F1D006A214E /* Build configuration list for PBXProject "Graph Insight" */;
			compatibilityVersion = "Xcode 3.2";
			developmentRegion = English;
			hasScannedForEncodings = 0;
			knownRegions = (
				en,
				Base,
			);
			mainGroup = 5C3C81831C912F1D006A214E;
			productRefGroup = 5C3C818D1C912F1D006A214E /* Products */;
			projectDirPath = "";
			projectRoot = "";
			targets = (
				5C3C818B1C912F1D006A214E /* Graph Insight */,
			);
		};
/* End PBXProject section */

/* Begin PBXResourcesBuildPhase section */
		5C3C818A1C912F1D006A214E /* Resources */ = {
			isa = PBXResourcesBuildPhase;
			buildActionMask = 2147483647;
			files = (
				5C3C819A1C912F1D006A214E /* LaunchScreen.storyboard in Resources */,
				5C3C81971C912F1D006A214E /* Assets.xcassets in Resources */,
				FB409CB11CDA68A8005D1B23 /* Settings.bundle in Resources */,
				5C3C81951C912F1D006A214E /* Main.storyboard in Resources */,
				FB9F8DC61CC55599006FA130 /* Property List.plist in Resources */,
			);
			runOnlyForDeploymentPostprocessing = 0;
		};
/* End PBXResourcesBuildPhase section */

/* Begin PBXSourcesBuildPhase section */
		5C3C81881C912F1D006A214E /* Sources */ = {
			isa = PBXSourcesBuildPhase;
			buildActionMask = 2147483647;
			files = (
				5C1F564F1CC5B6510005D5AA /* Polinomio.swift in Sources */,
				5C1F56511CC5B91B0005D5AA /* Graficar.swift in Sources */,
				5CCE1DE61CD979D2005D9BFF /* ExamenTeorico.swift in Sources */,
				FB9F8DC81CC555D6006FA130 /* DefinirEcuacionViewController.swift in Sources */,
				5C3C81921C912F1D006A214E /* ViewController.swift in Sources */,
				5CCE1DE41CD96D69005D9BFF /* Plano Cartesiano.swift in Sources */,
				5C3C81901C912F1D006A214E /* AppDelegate.swift in Sources */,
				FB409CB31CDA6D6D005D1B23 /* SettingsViewController.swift in Sources */,
			);
			runOnlyForDeploymentPostprocessing = 0;
		};
/* End PBXSourcesBuildPhase section */

/* Begin PBXVariantGroup section */
		5C3C81931C912F1D006A214E /* Main.storyboard */ = {
			isa = PBXVariantGroup;
			children = (
				5C3C81941C912F1D006A214E /* Base */,
			);
			name = Main.storyboard;
			sourceTree = "<group>";
		};
		5C3C81981C912F1D006A214E /* LaunchScreen.storyboard */ = {
			isa = PBXVariantGroup;
			children = (
				5C3C81991C912F1D006A214E /* Base */,
			);
			name = LaunchScreen.storyboard;
			sourceTree = "<group>";
		};
/* End PBXVariantGroup section */

/* Begin XCBuildConfiguration section */
		5C3C819C1C912F1D006A214E /* Debug */ = {
			isa = XCBuildConfiguration;
			buildSettings = {
				ALWAYS_SEARCH_USER_PATHS = NO;
				CLANG_CXX_LANGUAGE_STANDARD = "gnu++0x";
				CLANG_CXX_LIBRARY = "libc++";
				CLANG_ENABLE_MODULES = YES;
				CLANG_ENABLE_OBJC_ARC = YES;
				CLANG_WARN_BOOL_CONVERSION = YES;
				CLANG_WARN_CONSTANT_CONVERSION = YES;
				CLANG_WARN_DIRECT_OBJC_ISA_USAGE = YES_ERROR;
				CLANG_WARN_EMPTY_BODY = YES;
				CLANG_WARN_ENUM_CONVERSION = YES;
				CLANG_WARN_INT_CONVERSION = YES;
				CLANG_WARN_OBJC_ROOT_CLASS = YES_ERROR;
				CLANG_WARN_UNREACHABLE_CODE = YES;
				CLANG_WARN__DUPLICATE_METHOD_MATCH = YES;
				"CODE_SIGN_IDENTITY[sdk=iphoneos*]" = "iPhone Developer";
				COPY_PHASE_STRIP = NO;
				DEBUG_INFORMATION_FORMAT = dwarf;
				ENABLE_STRICT_OBJC_MSGSEND = YES;
				ENABLE_TESTABILITY = YES;
				GCC_C_LANGUAGE_STANDARD = gnu99;
				GCC_DYNAMIC_NO_PIC = NO;
				GCC_NO_COMMON_BLOCKS = YES;
				GCC_OPTIMIZATION_LEVEL = 0;
				GCC_PREPROCESSOR_DEFINITIONS = (
					"DEBUG=1",
					"$(inherited)",
				);
				GCC_WARN_64_TO_32_BIT_CONVERSION = YES;
				GCC_WARN_ABOUT_RETURN_TYPE = YES_ERROR;
				GCC_WARN_UNDECLARED_SELECTOR = YES;
				GCC_WARN_UNINITIALIZED_AUTOS = YES_AGGRESSIVE;
				GCC_WARN_UNUSED_FUNCTION = YES;
				GCC_WARN_UNUSED_VARIABLE = YES;
				IPHONEOS_DEPLOYMENT_TARGET = 9.2;
				MTL_ENABLE_DEBUG_INFO = YES;
				ONLY_ACTIVE_ARCH = YES;
				SDKROOT = iphoneos;
				SWIFT_OPTIMIZATION_LEVEL = "-Onone";
			};
			name = Debug;
		};
		5C3C819D1C912F1D006A214E /* Release */ = {
			isa = XCBuildConfiguration;
			buildSettings = {
				ALWAYS_SEARCH_USER_PATHS = NO;
				CLANG_CXX_LANGUAGE_STANDARD = "gnu++0x";
				CLANG_CXX_LIBRARY = "libc++";
				CLANG_ENABLE_MODULES = YES;
				CLANG_ENABLE_OBJC_ARC = YES;
				CLANG_WARN_BOOL_CONVERSION = YES;
				CLANG_WARN_CONSTANT_CONVERSION = YES;
				CLANG_WARN_DIRECT_OBJC_ISA_USAGE = YES_ERROR;
				CLANG_WARN_EMPTY_BODY = YES;
				CLANG_WARN_ENUM_CONVERSION = YES;
				CLANG_WARN_INT_CONVERSION = YES;
				CLANG_WARN_OBJC_ROOT_CLASS = YES_ERROR;
				CLANG_WARN_UNREACHABLE_CODE = YES;
				CLANG_WARN__DUPLICATE_METHOD_MATCH = YES;
				"CODE_SIGN_IDENTITY[sdk=iphoneos*]" = "iPhone Developer";
				COPY_PHASE_STRIP = NO;
				DEBUG_INFORMATION_FORMAT = "dwarf-with-dsym";
				ENABLE_NS_ASSERTIONS = NO;
				ENABLE_STRICT_OBJC_MSGSEND = YES;
				GCC_C_LANGUAGE_STANDARD = gnu99;
				GCC_NO_COMMON_BLOCKS = YES;
				GCC_WARN_64_TO_32_BIT_CONVERSION = YES;
				GCC_WARN_ABOUT_RETURN_TYPE = YES_ERROR;
				GCC_WARN_UNDECLARED_SELECTOR = YES;
				GCC_WARN_UNINITIALIZED_AUTOS = YES_AGGRESSIVE;
				GCC_WARN_UNUSED_FUNCTION = YES;
				GCC_WARN_UNUSED_VARIABLE = YES;
				IPHONEOS_DEPLOYMENT_TARGET = 9.2;
				MTL_ENABLE_DEBUG_INFO = NO;
				SDKROOT = iphoneos;
				VALIDATE_PRODUCT = YES;
			};
			name = Release;
		};
		5C3C819F1C912F1D006A214E /* Debug */ = {
			isa = XCBuildConfiguration;
			buildSettings = {
				ASSETCATALOG_COMPILER_APPICON_NAME = AppIcon;
				CODE_SIGN_IDENTITY = "iPhone Developer";
				"CODE_SIGN_IDENTITY[sdk=iphoneos*]" = "iPhone Developer";
				INFOPLIST_FILE = "prueba pantallas/Info.plist";
				IPHONEOS_DEPLOYMENT_TARGET = 9.0;
				LD_RUNPATH_SEARCH_PATHS = "$(inherited) @executable_path/Frameworks";
				PRODUCT_BUNDLE_IDENTIFIER = "davila.jose23.Graph-Insight";
				PRODUCT_NAME = "Graph Insight";
				PROVISIONING_PROFILE = "";
				TARGETED_DEVICE_FAMILY = "1,2";
			};
			name = Debug;
		};
		5C3C81A01C912F1D006A214E /* Release */ = {
			isa = XCBuildConfiguration;
			buildSettings = {
				ASSETCATALOG_COMPILER_APPICON_NAME = AppIcon;
				CODE_SIGN_IDENTITY = "iPhone Developer";
				"CODE_SIGN_IDENTITY[sdk=iphoneos*]" = "iPhone Developer";
				INFOPLIST_FILE = "prueba pantallas/Info.plist";
				IPHONEOS_DEPLOYMENT_TARGET = 9.0;
				LD_RUNPATH_SEARCH_PATHS = "$(inherited) @executable_path/Frameworks";
				PRODUCT_BUNDLE_IDENTIFIER = "davila.jose23.Graph-Insight";
				PRODUCT_NAME = "Graph Insight";
				PROVISIONING_PROFILE = "";
				TARGETED_DEVICE_FAMILY = "1,2";
			};
			name = Release;
		};
/* End XCBuildConfiguration section */

/* Begin XCConfigurationList section */
		5C3C81871C912F1D006A214E /* Build configuration list for PBXProject "Graph Insight" */ = {
			isa = XCConfigurationList;
			buildConfigurations = (
				5C3C819C1C912F1D006A214E /* Debug */,
				5C3C819D1C912F1D006A214E /* Release */,
			);
			defaultConfigurationIsVisible = 0;
			defaultConfigurationName = Release;
		};
		5C3C819E1C912F1D006A214E /* Build configuration list for PBXNativeTarget "Graph Insight" */ = {
			isa = XCConfigurationList;
			buildConfigurations = (
				5C3C819F1C912F1D006A214E /* Debug */,
				5C3C81A01C912F1D006A214E /* Release */,
			);
			defaultConfigurationIsVisible = 0;
			defaultConfigurationName = Release;
		};
/* End XCConfigurationList section */
	};
	rootObject = 5C3C81841C912F1D006A214E /* Project object */;
}
